
Microsoft Visual Studio Solution File, Format Version 12.00
# Visual Studio 15
VisualStudioVersion = 15.0.26730.3
MinimumVisualStudioVersion = 10.0.40219.1
Project("{FAE04EC0-301F-11D3-BF4B-00C04F79EFBC}") = "SalaryCalculatorTDD", "SalaryCalculatorTDD\SalaryCalculatorTDD.csproj", "{806BD023-A424-42F4-9AFE-FCDC73B7B5DD}"
EndProject
Global
	GlobalSection(SolutionConfigurationPlatforms) = preSolution
		Debug|Any CPU = Debug|Any CPU
		Release|Any CPU = Release|Any CPU
	EndGlobalSection
	GlobalSection(ProjectConfigurationPlatforms) = postSolution
		{806BD023-A424-42F4-9AFE-FCDC73B7B5DD}.Debug|Any CPU.ActiveCfg = Debug|Any CPU
		{806BD023-A424-42F4-9AFE-FCDC73B7B5DD}.Debug|Any CPU.Build.0 = Debug|Any CPU
		{806BD023-A424-42F4-9AFE-FCDC73B7B5DD}.Release|Any CPU.ActiveCfg = Release|Any CPU
		{806BD023-A424-42F4-9AFE-FCDC73B7B5DD}.Release|Any CPU.Build.0 = Release|Any CPU
	EndGlobalSection
	GlobalSection(SolutionProperties) = preSolution
		HideSolutionNode = FALSE
	EndGlobalSection
	GlobalSection(ExtensibilityGlobals) = postSolution
		SolutionGuid = {CF2E4ABB-86D4-4DD7-8BEF-85549B0BC39D}
	EndGlobalSection
EndGlobal
